
Microsoft Visual Studio Solution File, Format Version 12.00
# Visual Studio Version 17
VisualStudioVersion = 17.2.32616.157
MinimumVisualStudioVersion = 10.0.40219.1
Project("{FAE04EC0-301F-11D3-BF4B-00C04F79EFBC}") = "FilesAndDirectoryProject", "FilesAndDirectoryProject.csproj", "{B347E426-138A-475F-9872-B263E3C4340F}"
EndProject
Global
	GlobalSection(SolutionConfigurationPlatforms) = preSolution
		Debug|Any CPU = Debug|Any CPU
		Release|Any CPU = Release|Any CPU
	EndGlobalSection
	GlobalSection(ProjectConfigurationPlatforms) = postSolution
		{B347E426-138A-475F-9872-B263E3C4340F}.Debug|Any CPU.ActiveCfg = Debug|Any CPU
		{B347E426-138A-475F-9872-B263E3C4340F}.Debug|Any CPU.Build.0 = Debug|Any CPU
		{B347E426-138A-475F-9872-B263E3C4340F}.Release|Any CPU.ActiveCfg = Release|Any CPU
		{B347E426-138A-475F-9872-B263E3C4340F}.Release|Any CPU.Build.0 = Release|Any CPU
	EndGlobalSection
	GlobalSection(SolutionProperties) = preSolution
		HideSolutionNode = FALSE
	EndGlobalSection
	GlobalSection(ExtensibilityGlobals) = postSolution
		SolutionGuid = {3FFE8FF0-2524-45D2-9C2B-831DF44AD1A7}
	EndGlobalSection
EndGlobal
